
Microsoft Visual Studio Solution File, Format Version 12.00
# Visual Studio Version 17
VisualStudioVersion = 17.10.34916.146
MinimumVisualStudioVersion = 10.0.40219.1
Project("{FAE04EC0-301F-11D3-BF4B-00C04F79EFBC}") = "C_program", "C_program.csproj", "{4645720E-6F26-48A7-8D01-294AEFD6F837}"
EndProject
Global
	GlobalSection(SolutionConfigurationPlatforms) = preSolution
		Debug|Any CPU = Debug|Any CPU
		Release|Any CPU = Release|Any CPU
	EndGlobalSection
	GlobalSection(ProjectConfigurationPlatforms) = postSolution
		{4645720E-6F26-48A7-8D01-294AEFD6F837}.Debug|Any CPU.ActiveCfg = Debug|Any CPU
		{4645720E-6F26-48A7-8D01-294AEFD6F837}.Debug|Any CPU.Build.0 = Debug|Any CPU
		{4645720E-6F26-48A7-8D01-294AEFD6F837}.Release|Any CPU.ActiveCfg = Release|Any CPU
		{4645720E-6F26-48A7-8D01-294AEFD6F837}.Release|Any CPU.Build.0 = Release|Any CPU
	EndGlobalSection
	GlobalSection(SolutionProperties) = preSolution
		HideSolutionNode = FALSE
	EndGlobalSection
	GlobalSection(ExtensibilityGlobals) = postSolution
		SolutionGuid = {89E4116D-3BD8-45B3-89CC-C2016DD82739}
	EndGlobalSection
EndGlobal
